{
  "nodes": {
    "crane": {
      "locked": {
        "lastModified": 1773189535,
        "narHash": "sha256-E1G/Or6MWeP+L6mpQ0iTFLpzSzlpGrITfU2220Gq47g=",
        "owner": "ipetkov",
        "repo": "crane",
        "rev": "6fa2fb4cf4a89ba49fc9dd5a3eb6cde99d388269",
        "type": "github"
      },
      "original": {
        "owner": "ipetkov",
        "repo": "crane",
        "type": "github"
      }
    },
    "flake-parts": {
      "inputs": {
        "nixpkgs-lib": "nixpkgs-lib"
      },
      "locked": {
        "lastModified": 1772408722,
        "narHash": "sha256-rHuJtdcOjK7rAHpHphUb1iCvgkU3GpfvicLMwwnfMT0=",
        "owner": "hercules-ci",
        "repo": "flake-parts",
        "rev": "f20dc5d9b8027381c474144ecabc9034d6a839a3",
        "type": "github"
      },
      "original": {
        "owner": "hercules-ci",
        "repo": "flake-parts",
        "type": "github"
      }
    },
    "hc-scaffold": {
      "flake": false,
      "locked": {
        "lastModified": 1769104114,
        "narHash": "sha256-Ebh8YW7J4VRAwhK9XQDf98nWAIvciddzdx7LbhZiwdI=",
        "owner": "holochain",
        "repo": "scaffolding",
        "rev": "6749c80d54306e4c1ad5831ce2dbdbb9a283ee0c",
        "type": "github"
      },
      "original": {
        "owner": "holochain",
        "ref": "v0.600.1-rc.0",
        "repo": "scaffolding",
        "type": "github"
      }
    },
    "holochain": {
      "flake": false,
      "locked": {
        "lastModified": 1773236722,
        "narHash": "sha256-Id9nfjwI3FwnrMg7iyCmI0uIkJwR7uBqt50v3/B8zuc=",
        "owner": "holochain",
        "repo": "holochain",
        "rev": "afbdee966e3e34f4b19fcc8cde6a8d74cd60ea64",
        "type": "github"
      },
      "original": {
        "owner": "holochain",
        "ref": "holochain-0.6.1-rc.3",
        "repo": "holochain",
        "type": "github"
      }
    },
    "holonix": {
      "inputs": {
        "crane": "crane",
        "flake-parts": "flake-parts",
        "hc-scaffold": "hc-scaffold",
        "holochain": "holochain",
        "kitsune2": "kitsune2",
        "lair-keystore": "lair-keystore",
        "nixpkgs": "nixpkgs",
        "rust-overlay": "rust-overlay"
      },
      "locked": {
        "lastModified": 1773849075,
        "narHash": "sha256-V1TZsJL9oljzTmcHlfXr2BRtsMzYqpqu1HG1Gnbu5Vs=",
        "owner": "holochain",
        "repo": "holonix",
        "rev": "ec8b0442138da964dc10394c1a2f0e765d27f4fd",
        "type": "github"
      },
      "original": {
        "owner": "holochain",
        "ref": "main-0.6",
        "repo": "holonix",
        "type": "github"
      }
    },
    "kitsune2": {
      "flake": false,
      "locked": {
        "lastModified": 1773109711,
        "narHash": "sha256-74xas0on1OUwPR70oyFLO4wLxDl1eoiWYV7Di/olzhU=",
        "owner": "holochain",
        "repo": "kitsune2",
        "rev": "da7689dee7530b433a84493054e794c6bb80398b",
        "type": "github"
      },
      "original": {
        "owner": "holochain",
        "ref": "v0.4.0-dev.4",
        "repo": "kitsune2",
        "type": "github"
      }
    },
    "lair-keystore": {
      "flake": false,
      "locked": {
        "lastModified": 1759147598,
        "narHash": "sha256-K8TkVlKAwS7uuSZC46oSHddtZTM2XGWUTNnjjYdC1bE=",
        "owner": "holochain",
        "repo": "lair",
        "rev": "8aa9ab1468e82a8bfb9bf1e65762efc51659d306",
        "type": "github"
      },
      "original": {
        "owner": "holochain",
        "ref": "v0.6.3",
        "repo": "lair",
        "type": "github"
      }
    },
    "nixpkgs": {
      "locked": {
        "lastModified": 1773705440,
        "narHash": "sha256-xB30bbAp0e7ogSEYyc126mAJMt4FRFh8wtm6ADE1xuM=",
        "owner": "nixos",
        "repo": "nixpkgs",
        "rev": "48652e9d5aea46e555b3df87354280d4f29cd3a3",
        "type": "github"
      },
      "original": {
        "owner": "nixos",
        "ref": "nixos-25.11",
        "repo": "nixpkgs",
        "type": "github"
      }
    },
    "nixpkgs-lib": {
      "locked": {
        "lastModified": 1772328832,
        "narHash": "sha256-e+/T/pmEkLP6BHhYjx6GmwP5ivonQQn0bJdH9YrRB+Q=",
        "owner": "nix-community",
        "repo": "nixpkgs.lib",
        "rev": "c185c7a5e5dd8f9add5b2f8ebeff00888b070742",
        "type": "github"
      },
      "original": {
        "owner": "nix-community",
        "repo": "nixpkgs.lib",
        "type": "github"
      }
    },
    "root": {
      "inputs": {
        "crane": [
          "holonix",
          "crane"
        ],
        "flake-parts": [
          "holonix",
          "flake-parts"
        ],
        "holonix": "holonix",
        "nixpkgs": [
          "holonix",
          "nixpkgs"
        ],
        "rust-overlay": [
          "holonix",
          "rust-overlay"
        ]
      }
    },
    "rust-overlay": {
      "inputs": {
        "nixpkgs": [
          "holonix",
          "nixpkgs"
        ]
      },
      "locked": {
        "lastModified": 1773803479,
        "narHash": "sha256-GD6i1F2vrSxbsmbS92+8+x3DbHOJ+yrS78Pm4xigW4M=",
        "owner": "oxalica",
        "repo": "rust-overlay",
        "rev": "f17186f52e82ec5cf40920b58eac63b78692ac7c",
        "type": "github"
      },
      "original": {
        "owner": "oxalica",
        "repo": "rust-overlay",
        "type": "github"
      }
    }
  },
  "root": "root",
  "version": 7
}
