{
  "nodes": {
    "crane": {
      "locked": {
        "lastModified": 1725409566,
        "narHash": "sha256-PrtLmqhM6UtJP7v7IGyzjBFhbG4eOAHT6LPYOFmYfbk=",
        "owner": "ipetkov",
        "repo": "crane",
        "rev": "7e4586bad4e3f8f97a9271def747cf58c4b68f3c",
        "type": "github"
      },
      "original": {
        "owner": "ipetkov",
        "repo": "crane",
        "type": "github"
      }
    },
    "crane_2": {
      "locked": {
        "lastModified": 1725409566,
        "narHash": "sha256-PrtLmqhM6UtJP7v7IGyzjBFhbG4eOAHT6LPYOFmYfbk=",
        "owner": "ipetkov",
        "repo": "crane",
        "rev": "7e4586bad4e3f8f97a9271def747cf58c4b68f3c",
        "type": "github"
      },
      "original": {
        "owner": "ipetkov",
        "repo": "crane",
        "type": "github"
      }
    },
    "flake-parts": {
      "inputs": {
        "nixpkgs-lib": "nixpkgs-lib"
      },
      "locked": {
        "lastModified": 1726153070,
        "narHash": "sha256-HO4zgY0ekfwO5bX0QH/3kJ/h4KvUDFZg8YpkNwIbg1U=",
        "owner": "hercules-ci",
        "repo": "flake-parts",
        "rev": "bcef6817a8b2aa20a5a6dbb19b43e63c5bf8619a",
        "type": "github"
      },
      "original": {
        "owner": "hercules-ci",
        "repo": "flake-parts",
        "type": "github"
      }
    },
    "hc-launch": {
      "flake": false,
      "locked": {
        "lastModified": 1726473709,
        "narHash": "sha256-WjuSEtK9odQsrAIbS7TxQEYPyjYgJheMZmVj7Aentyg=",
        "owner": "holochain",
        "repo": "hc-launch",
        "rev": "c6fb9cf6d4b8e548c960527a8fc88d2ead051394",
        "type": "github"
      },
      "original": {
        "owner": "holochain",
        "ref": "holochain-weekly",
        "repo": "hc-launch",
        "type": "github"
      }
    },
    "hc-scaffold": {
      "flake": false,
      "locked": {
        "lastModified": 1725629251,
        "narHash": "sha256-23TjhOgXdLOX05yGDK8ZVTZxovbFiGz2Mu+H45YLpAA=",
        "owner": "holochain",
        "repo": "scaffolding",
        "rev": "d415a38e686faf38c91689e176b62a93bd51b188",
        "type": "github"
      },
      "original": {
        "owner": "holochain",
        "ref": "holochain-weekly",
        "repo": "scaffolding",
        "type": "github"
      }
    },
    "holochain": {
      "flake": false,
      "locked": {
        "lastModified": 1726621288,
        "narHash": "sha256-zUvEfTRX7acCzhEBgL8gkrngH7ryT18p1J2lOTE9uOo=",
        "owner": "holochain",
        "repo": "holochain",
        "rev": "1c38ad228103e2994399e735ccca9c4d850aec19",
        "type": "github"
      },
      "original": {
        "owner": "holochain",
        "ref": "holochain-0.4.0-dev.25",
        "repo": "holochain",
        "type": "github"
      }
    },
    "holonix": {
      "inputs": {
        "crane": "crane_2",
        "flake-parts": "flake-parts",
        "hc-launch": "hc-launch",
        "hc-scaffold": "hc-scaffold",
        "holochain": "holochain",
        "lair-keystore": "lair-keystore",
        "nixpkgs": "nixpkgs",
        "rust-overlay": "rust-overlay"
      },
      "locked": {
        "lastModified": 1726665849,
        "narHash": "sha256-c6+HhJ5xSUuCVbvS67+52EDH8cSDCWYk5c2v84/yZqw=",
        "owner": "holochain",
        "repo": "holonix",
        "rev": "25e2d39e876b93cfef091f484e80dafcf287bf83",
        "type": "github"
      },
      "original": {
        "owner": "holochain",
        "ref": "main",
        "repo": "holonix",
        "type": "github"
      }
    },
    "lair-keystore": {
      "flake": false,
      "locked": {
        "lastModified": 1726521249,
        "narHash": "sha256-SZPhvZ7D5tNr3dKuxUp/zUOnfFe8UBG/uqWc9vQgUMM=",
        "owner": "holochain",
        "repo": "lair",
        "rev": "6bbd604bff3d5eda528bb2da9c3aa1e1e71e429d",
        "type": "github"
      },
      "original": {
        "owner": "holochain",
        "ref": "lair_keystore-v0.5.1",
        "repo": "lair",
        "type": "github"
      }
    },
    "nixpkgs": {
      "locked": {
        "lastModified": 1717179513,
        "narHash": "sha256-vboIEwIQojofItm2xGCdZCzW96U85l9nDW3ifMuAIdM=",
        "owner": "nixos",
        "repo": "nixpkgs",
        "rev": "63dacb46bf939521bdc93981b4cbb7ecb58427a0",
        "type": "github"
      },
      "original": {
        "owner": "nixos",
        "ref": "24.05",
        "repo": "nixpkgs",
        "type": "github"
      }
    },
    "nixpkgs-lib": {
      "locked": {
        "lastModified": 1725233747,
        "narHash": "sha256-Ss8QWLXdr2JCBPcYChJhz4xJm+h/xjl4G0c0XlP6a74=",
        "type": "tarball",
        "url": "https://github.com/NixOS/nixpkgs/archive/356624c12086a18f2ea2825fed34523d60ccc4e3.tar.gz"
      },
      "original": {
        "type": "tarball",
        "url": "https://github.com/NixOS/nixpkgs/archive/356624c12086a18f2ea2825fed34523d60ccc4e3.tar.gz"
      }
    },
    "root": {
      "inputs": {
        "crane": "crane",
        "flake-parts": [
          "holonix",
          "flake-parts"
        ],
        "holonix": "holonix",
        "nixpkgs": [
          "holonix",
          "nixpkgs"
        ],
        "rust-overlay": "rust-overlay_2"
      }
    },
    "rust-overlay": {
      "inputs": {
        "nixpkgs": [
          "holonix",
          "nixpkgs"
        ]
      },
      "locked": {
        "lastModified": 1726453838,
        "narHash": "sha256-pupsow4L79SBfNwT6vh/5RAbVZuhngIA0RTCZksXmZY=",
        "owner": "oxalica",
        "repo": "rust-overlay",
        "rev": "ca2e79cd22625d214b8437c2c4080ce79bd9f7d2",
        "type": "github"
      },
      "original": {
        "owner": "oxalica",
        "repo": "rust-overlay",
        "type": "github"
      }
    },
    "rust-overlay_2": {
      "inputs": {
        "nixpkgs": [
          "holonix",
          "nixpkgs"
        ]
      },
      "locked": {
        "lastModified": 1726799228,
        "narHash": "sha256-wn1leQyMAc/TrLRKcPc0GX6YtoziKQpc/MtZjPNiJ2Q=",
        "owner": "oxalica",
        "repo": "rust-overlay",
        "rev": "ab150c7412db7bea5879ce2776718f53fba37aa2",
        "type": "github"
      },
      "original": {
        "owner": "oxalica",
        "repo": "rust-overlay",
        "type": "github"
      }
    }
  },
  "root": "root",
  "version": 7
}
